Microsoft Visual Studio Solution File, Format Version 12.00
# Visual Studio Version 17
VisualStudioVersion = 17.5.2.0
MinimumVisualStudioVersion = 10.0.40219.1
Project("{FAE04EC0-301F-11D3-BF4B-00C04F79EFBC}") = "SemanticKernelConsole", "SemanticKernelConsole.csproj", "{21581512-DCD4-A228-9C93-F673A37EE39D}"
EndProject
Global
	GlobalSection(SolutionConfigurationPlatforms) = preSolution
		Debug|Any CPU = Debug|Any CPU
		Release|Any CPU = Release|Any CPU
	EndGlobalSection
	GlobalSection(ProjectConfigurationPlatforms) = postSolution
		{21581512-DCD4-A228-9C93-F673A37EE39D}.Debug|Any CPU.ActiveCfg = Debug|Any CPU
		{21581512-DCD4-A228-9C93-F673A37EE39D}.Debug|Any CPU.Build.0 = Debug|Any CPU
		{21581512-DCD4-A228-9C93-F673A37EE39D}.Release|Any CPU.ActiveCfg = Release|Any CPU
		{21581512-DCD4-A228-9C93-F673A37EE39D}.Release|Any CPU.Build.0 = Release|Any CPU
	EndGlobalSection
	GlobalSection(SolutionProperties) = preSolution
		HideSolutionNode = FALSE
	EndGlobalSection
	GlobalSection(ExtensibilityGlobals) = postSolution
		SolutionGuid = {B5A9DF5B-5CE4-433D-9F2F-70A93DE2B3DA}
	EndGlobalSection
EndGlobal
